
Microsoft Visual Studio Solution File, Format Version 12.00
# Visual Studio Version 17
VisualStudioVersion = 17.8.34408.163
MinimumVisualStudioVersion = 10.0.40219.1
Project("{F184B08F-C81C-45F6-A57F-5ABD9991F28F}") = "Memo", "WinFormsApp1\Memo.vbproj", "{A54CF859-6BE2-4758-BF2F-787032049E68}"
EndProject
Global
	GlobalSection(SolutionConfigurationPlatforms) = preSolution
		Debug|Any CPU = Debug|Any CPU
		Release|Any CPU = Release|Any CPU
	EndGlobalSection
	GlobalSection(ProjectConfigurationPlatforms) = postSolution
		{A54CF859-6BE2-4758-BF2F-787032049E68}.Debug|Any CPU.ActiveCfg = Debug|Any CPU
		{A54CF859-6BE2-4758-BF2F-787032049E68}.Debug|Any CPU.Build.0 = Debug|Any CPU
		{A54CF859-6BE2-4758-BF2F-787032049E68}.Release|Any CPU.ActiveCfg = Release|Any CPU
		{A54CF859-6BE2-4758-BF2F-787032049E68}.Release|Any CPU.Build.0 = Release|Any CPU
	EndGlobalSection
	GlobalSection(SolutionProperties) = preSolution
		HideSolutionNode = FALSE
	EndGlobalSection
	GlobalSection(ExtensibilityGlobals) = postSolution
		SolutionGuid = {6CD2D978-B604-4BFF-AB88-365B1E907BC2}
	EndGlobalSection
EndGlobal
